
Microsoft Visual Studio Solution File, Format Version 12.00
# Visual Studio 14
VisualStudioVersion = 14.0.25123.0
MinimumVisualStudioVersion = 10.0.40219.1
Project("{D954291E-2A0B-460D-934E-DC6B0785DB48}") = "Files", "Files.shproj", "{D5629CCC-CDCC-455C-B442-CAD1F4798338}"
EndProject
Global
	GlobalSection(SharedMSBuildProjectFiles) = preSolution
		Files.projitems*{d5629ccc-cdcc-455c-b442-cad1f4798338}*SharedItemsImports = 13
	EndGlobalSection
	GlobalSection(SolutionProperties) = preSolution
		HideSolutionNode = FALSE
	EndGlobalSection
EndGlobal
